// !$*UTF8*$!
{
	archiveVersion = 1;
	classes = {
	};
	objectVersion = 46;
	objects = {

/* Begin PBXBuildFile section */
		B305C9731C33636800025806 /* FocusView.swift in Sources */ = {isa = PBXBuildFile; fileRef = B305C9721C33636800025806 /* FocusView.swift */; };
		B3D873DC1C24C8CF00055DE6 /* AppDelegate.swift in Sources */ = {isa = PBXBuildFile; fileRef = B3D873DB1C24C8CF00055DE6 /* AppDelegate.swift */; };
		B3D873DE1C24C8CF00055DE6 /* ViewController.swift in Sources */ = {isa = PBXBuildFile; fileRef = B3D873DD1C24C8CF00055DE6 /* ViewController.swift */; };
		B3D873E11C24C8CF00055DE6 /* Main.storyboard in Resources */ = {isa = PBXBuildFile; fileRef = B3D873DF1C24C8CF00055DE6 /* Main.storyboard */; };
		B3D873E31C24C8CF00055DE6 /* Assets.xcassets in Resources */ = {isa = PBXBuildFile; fileRef = B3D873E21C24C8CF00055DE6 /* Assets.xcassets */; };
		B3D873EE1C24C8CF00055DE6 /* DemoTvOS_customViewTests.swift in Sources */ = {isa = PBXBuildFile; fileRef = B3D873ED1C24C8CF00055DE6 /* DemoTvOS_customViewTests.swift */; };
/* End PBXBuildFile section */

/* Begin PBXContainerItemProxy section */
		B3D873EA1C24C8CF00055DE6 /* PBXContainerItemProxy */ = {
			isa = PBXContainerItemProxy;
			containerPortal = B3D873D01C24C8CF00055DE6 /* Project object */;
			proxyType = 1;
			remoteGlobalIDString = B3D873D71C24C8CF00055DE6;
			remoteInfo = DemoTvOS_customView;
		};
/* End PBXContainerItemProxy section */

/* Begin PBXFileReference section */
		B305C9721C33636800025806 /* FocusView.swift */ = {isa = PBXFileReference; fileEncoding = 4; lastKnownFileType = sourcecode.swift; path = FocusView.swift; sourceTree = "<group>"; };
		B3D873D81C24C8CF00055DE6 /* DemoTvOS_customView.app */ = {isa = PBXFileReference; explicitFileType = wrapper.application; includeInIndex = 0; path = DemoTvOS_customView.app; sourceTree = BUILT_PRODUCTS_DIR; };
		B3D873DB1C24C8CF00055DE6 /* AppDelegate.swift */ = {isa = PBXFileReference; lastKnownFileType = sourcecode.swift; path = AppDelegate.swift; sourceTree = "<group>"; };
		B3D873DD1C24C8CF00055DE6 /* ViewController.swift */ = {isa = PBXFileReference; lastKnownFileType = sourcecode.swift; path = ViewController.swift; sourceTree = "<group>"; };
		B3D873E01C24C8CF00055DE6 /* Base */ = {isa = PBXFileReference; lastKnownFileType = file.storyboard; name = Base; path = Base.lproj/Main.storyboard; sourceTree = "<group>"; };
		B3D873E21C24C8CF00055DE6 /* Assets.xcassets */ = {isa = PBXFileReference; lastKnownFileType = folder.assetcatalog; path = Assets.xcassets; sourceTree = "<group>"; };
		B3D873E41C24C8CF00055DE6 /* Info.plist */ = {isa = PBXFileReference; lastKnownFileType = text.plist.xml; path = Info.plist; sourceTree = "<group>"; };
		B3D873E91C24C8CF00055DE6 /* DemoTvOS_customViewTests.xctest */ = {isa = PBXFileReference; explicitFileType = wrapper.cfbundle; includeInIndex = 0; path = DemoTvOS_customViewTests.xctest; sourceTree = BUILT_PRODUCTS_DIR; };
		B3D873ED1C24C8CF00055DE6 /* DemoTvOS_customViewTests.swift */ = {isa = PBXFileReference; lastKnownFileType = sourcecode.swift; path = DemoTvOS_customViewTests.swift; sourceTree = "<group>"; };
		B3D873EF1C24C8CF00055DE6 /* Info.plist */ = {isa = PBXFileReference; lastKnownFileType = text.plist.xml; path = Info.plist; sourceTree = "<group>"; };
/* End PBXFileReference section */

/* Begin PBXFrameworksBuildPhase section */
		B3D873D51C24C8CF00055DE6 /* Frameworks */ = {
			isa = PBXFrameworksBuildPhase;
			buildActionMask = 2147483647;
			files = (
			);
			runOnlyForDeploymentPostprocessing = 0;
		};
		B3D873E61C24C8CF00055DE6 /* Frameworks */ = {
			isa = PBXFrameworksBuildPhase;
			buildActionMask = 2147483647;
			files = (
			);
			runOnlyForDeploymentPostprocessing = 0;
		};
/* End PBXFrameworksBuildPhase section */

/* Begin PBXGroup section */
		B3D873CF1C24C8CF00055DE6 = {
			isa = PBXGroup;
			children = (
				B3D873DA1C24C8CF00055DE6 /* DemoTvOS_customView */,
				B3D873EC1C24C8CF00055DE6 /* DemoTvOS_customViewTests */,
				B3D873D91C24C8CF00055DE6 /* Products */,
			);
			sourceTree = "<group>";
		};
		B3D873D91C24C8CF00055DE6 /* Products */ = {
			isa = PBXGroup;
			children = (
				B3D873D81C24C8CF00055DE6 /* DemoTvOS_customView.app */,
				B3D873E91C24C8CF00055DE6 /* DemoTvOS_customViewTests.xctest */,
			);
			name = Products;
			sourceTree = "<group>";
		};
		B3D873DA1C24C8CF00055DE6 /* DemoTvOS_customView */ = {
			isa = PBXGroup;
			children = (
				B3D873DB1C24C8CF00055DE6 /* AppDelegate.swift */,
				B3D873DD1C24C8CF00055DE6 /* ViewController.swift */,
				B3D873DF1C24C8CF00055DE6 /* Main.storyboard */,
				B3D873E21C24C8CF00055DE6 /* Assets.xcassets */,
				B3D873E41C24C8CF00055DE6 /* Info.plist */,
				B305C9721C33636800025806 /* FocusView.swift */,
			);
			path = DemoTvOS_customView;
			sourceTree = "<group>";
		};
		B3D873EC1C24C8CF00055DE6 /* DemoTvOS_customViewTests */ = {
			isa = PBXGroup;
			children = (
				B3D873ED1C24C8CF00055DE6 /* DemoTvOS_customViewTests.swift */,
				B3D873EF1C24C8CF00055DE6 /* Info.plist */,
			);
			path = DemoTvOS_customViewTests;
			sourceTree = "<group>";
		};
/* End PBXGroup section */

/* Begin PBXNativeTarget section */
		B3D873D71C24C8CF00055DE6 /* DemoTvOS_customView */ = {
			isa = PBXNativeTarget;
			buildConfigurationList = B3D873F21C24C8CF00055DE6 /* Build configuration list for PBXNativeTarget "DemoTvOS_customView" */;
			buildPhases = (
				B3D873D41C24C8CF00055DE6 /* Sources */,
				B3D873D51C24C8CF00055DE6 /* Frameworks */,
				B3D873D61C24C8CF00055DE6 /* Resources */,
			);
			buildRules = (
			);
			dependencies = (
			);
			name = DemoTvOS_customView;
			productName = DemoTvOS_customView;
			productReference = B3D873D81C24C8CF00055DE6 /* DemoTvOS_customView.app */;
			productType = "com.apple.product-type.application";
		};
		B3D873E81C24C8CF00055DE6 /* DemoTvOS_customViewTests */ = {
			isa = PBXNativeTarget;
			buildConfigurationList = B3D873F51C24C8CF00055DE6 /* Build configuration list for PBXNativeTarget "DemoTvOS_customViewTests" */;
			buildPhases = (
				B3D873E51C24C8CF00055DE6 /* Sources */,
				B3D873E61C24C8CF00055DE6 /* Frameworks */,
				B3D873E71C24C8CF00055DE6 /* Resources */,
			);
			buildRules = (
			);
			dependencies = (
				B3D873EB1C24C8CF00055DE6 /* PBXTargetDependency */,
			);
			name = DemoTvOS_customViewTests;
			productName = DemoTvOS_customViewTests;
			productReference = B3D873E91C24C8CF00055DE6 /* DemoTvOS_customViewTests.xctest */;
			productType = "com.apple.product-type.bundle.unit-test";
		};
/* End PBXNativeTarget section */

/* Begin PBXProject section */
		B3D873D01C24C8CF00055DE6 /* Project object */ = {
			isa = PBXProject;
			attributes = {
				LastSwiftUpdateCheck = 0710;
				LastUpgradeCheck = 0710;
				ORGANIZATIONNAME = Pixonsoft;
				TargetAttributes = {
					B3D873D71C24C8CF00055DE6 = {
						CreatedOnToolsVersion = 7.1.1;
					};
					B3D873E81C24C8CF00055DE6 = {
						CreatedOnToolsVersion = 7.1.1;
						TestTargetID = B3D873D71C24C8CF00055DE6;
					};
				};
			};
			buildConfigurationList = B3D873D31C24C8CF00055DE6 /* Build configuration list for PBXProject "DemoTvOS_customView" */;
			compatibilityVersion = "Xcode 3.2";
			developmentRegion = English;
			hasScannedForEncodings = 0;
			knownRegions = (
				en,
				Base,
			);
			mainGroup = B3D873CF1C24C8CF00055DE6;
			productRefGroup = B3D873D91C24C8CF00055DE6 /* Products */;
			projectDirPath = "";
			projectRoot = "";
			targets = (
				B3D873D71C24C8CF00055DE6 /* DemoTvOS_customView */,
				B3D873E81C24C8CF00055DE6 /* DemoTvOS_customViewTests */,
			);
		};
/* End PBXProject section */

/* Begin PBXResourcesBuildPhase section */
		B3D873D61C24C8CF00055DE6 /* Resources */ = {
			isa = PBXResourcesBuildPhase;
			buildActionMask = 2147483647;
			files = (
				B3D873E31C24C8CF00055DE6 /* Assets.xcassets in Resources */,
				B3D873E11C24C8CF00055DE6 /* Main.storyboard in Resources */,
			);
			runOnlyForDeploymentPostprocessing = 0;
		};
		B3D873E71C24C8CF00055DE6 /* Resources */ = {
			isa = PBXResourcesBuildPhase;
			buildActionMask = 2147483647;
			files = (
			);
			runOnlyForDeploymentPostprocessing = 0;
		};
/* End PBXResourcesBuildPhase section */

/* Begin PBXSourcesBuildPhase section */
		B3D873D41C24C8CF00055DE6 /* Sources */ = {
			isa = PBXSourcesBuildPhase;
			buildActionMask = 2147483647;
			files = (
				B3D873DE1C24C8CF00055DE6 /* ViewController.swift in Sources */,
				B3D873DC1C24C8CF00055DE6 /* AppDelegate.swift in Sources */,
				B305C9731C33636800025806 /* FocusView.swift in Sources */,
			);
			runOnlyForDeploymentPostprocessing = 0;
		};
		B3D873E51C24C8CF00055DE6 /* Sources */ = {
			isa = PBXSourcesBuildPhase;
			buildActionMask = 2147483647;
			files = (
				B3D873EE1C24C8CF00055DE6 /* DemoTvOS_customViewTests.swift in Sources */,
			);
			runOnlyForDeploymentPostprocessing = 0;
		};
/* End PBXSourcesBuildPhase section */

/* Begin PBXTargetDependency section */
		B3D873EB1C24C8CF00055DE6 /* PBXTargetDependency */ = {
			isa = PBXTargetDependency;
			target = B3D873D71C24C8CF00055DE6 /* DemoTvOS_customView */;
			targetProxy = B3D873EA1C24C8CF00055DE6 /* PBXContainerItemProxy */;
		};
/* End PBXTargetDependency section */

/* Begin PBXVariantGroup section */
		B3D873DF1C24C8CF00055DE6 /* Main.storyboard */ = {
			isa = PBXVariantGroup;
			children = (
				B3D873E01C24C8CF00055DE6 /* Base */,
			);
			name = Main.storyboard;
			sourceTree = "<group>";
		};
/* End PBXVariantGroup section */

/* Begin XCBuildConfiguration section */
		B3D873F01C24C8CF00055DE6 /* Debug */ = {
			isa = XCBuildConfiguration;
			buildSettings = {
				ALWAYS_SEARCH_USER_PATHS = NO;
				CLANG_CXX_LANGUAGE_STANDARD = "gnu++0x";
				CLANG_CXX_LIBRARY = "libc++";
				CLANG_ENABLE_MODULES = YES;
				CLANG_ENABLE_OBJC_ARC = YES;
				CLANG_WARN_BOOL_CONVERSION = YES;
				CLANG_WARN_CONSTANT_CONVERSION = YES;
				CLANG_WARN_DIRECT_OBJC_ISA_USAGE = YES_ERROR;
				CLANG_WARN_EMPTY_BODY = YES;
				CLANG_WARN_ENUM_CONVERSION = YES;
				CLANG_WARN_INT_CONVERSION = YES;
				CLANG_WARN_OBJC_ROOT_CLASS = YES_ERROR;
				CLANG_WARN_UNREACHABLE_CODE = YES;
				CLANG_WARN__DUPLICATE_METHOD_MATCH = YES;
				COPY_PHASE_STRIP = NO;
				DEBUG_INFORMATION_FORMAT = dwarf;
				ENABLE_STRICT_OBJC_MSGSEND = YES;
				ENABLE_TESTABILITY = YES;
				GCC_C_LANGUAGE_STANDARD = gnu99;
				GCC_DYNAMIC_NO_PIC = NO;
				GCC_NO_COMMON_BLOCKS = YES;
				GCC_OPTIMIZATION_LEVEL = 0;
				GCC_PREPROCESSOR_DEFINITIONS = (
					"DEBUG=1",
					"$(inherited)",
				);
				GCC_WARN_64_TO_32_BIT_CONVERSION = YES;
				GCC_WARN_ABOUT_RETURN_TYPE = YES_ERROR;
				GCC_WARN_UNDECLARED_SELECTOR = YES;
				GCC_WARN_UNINITIALIZED_AUTOS = YES_AGGRESSIVE;
				GCC_WARN_UNUSED_FUNCTION = YES;
				GCC_WARN_UNUSED_VARIABLE = YES;
				MTL_ENABLE_DEBUG_INFO = YES;
				ONLY_ACTIVE_ARCH = YES;
				SDKROOT = appletvos;
				SWIFT_OPTIMIZATION_LEVEL = "-Onone";
				TARGETED_DEVICE_FAMILY = 3;
				TVOS_DEPLOYMENT_TARGET = 9.0;
			};
			name = Debug;
		};
		B3D873F11C24C8CF00055DE6 /* Release */ = {
			isa = XCBuildConfiguration;
			buildSettings = {
				ALWAYS_SEARCH_USER_PATHS = NO;
				CLANG_CXX_LANGUAGE_STANDARD = "gnu++0x";
				CLANG_CXX_LIBRARY = "libc++";
				CLANG_ENABLE_MODULES = YES;
				CLANG_ENABLE_OBJC_ARC = YES;
				CLANG_WARN_BOOL_CONVERSION = YES;
				CLANG_WARN_CONSTANT_CONVERSION = YES;
				CLANG_WARN_DIRECT_OBJC_ISA_USAGE = YES_ERROR;
				CLANG_WARN_EMPTY_BODY = YES;
				CLANG_WARN_ENUM_CONVERSION = YES;
				CLANG_WARN_INT_CONVERSION = YES;
				CLANG_WARN_OBJC_ROOT_CLASS = YES_ERROR;
				CLANG_WARN_UNREACHABLE_CODE = YES;
				CLANG_WARN__DUPLICATE_METHOD_MATCH = YES;
				COPY_PHASE_STRIP = NO;
				DEBUG_INFORMATION_FORMAT = "dwarf-with-dsym";
				ENABLE_NS_ASSERTIONS = NO;
				ENABLE_STRICT_OBJC_MSGSEND = YES;
				GCC_C_LANGUAGE_STANDARD = gnu99;
				GCC_NO_COMMON_BLOCKS = YES;
				GCC_WARN_64_TO_32_BIT_CONVERSION = YES;
				GCC_WARN_ABOUT_RETURN_TYPE = YES_ERROR;
				GCC_WARN_UNDECLARED_SELECTOR = YES;
				GCC_WARN_UNINITIALIZED_AUTOS = YES_AGGRESSIVE;
				GCC_WARN_UNUSED_FUNCTION = YES;
				GCC_WARN_UNUSED_VARIABLE = YES;
				MTL_ENABLE_DEBUG_INFO = NO;
				SDKROOT = appletvos;
				TARGETED_DEVICE_FAMILY = 3;
				TVOS_DEPLOYMENT_TARGET = 9.0;
				VALIDATE_PRODUCT = YES;
			};
			name = Release;
		};
		B3D873F31C24C8CF00055DE6 /* Debug */ = {
			isa = XCBuildConfiguration;
			buildSettings = {
				ASSETCATALOG_COMPILER_APPICON_NAME = "App Icon & Top Shelf Image";
				ASSETCATALOG_COMPILER_LAUNCHIMAGE_NAME = LaunchImage;
				INFOPLIST_FILE = DemoTvOS_customView/Info.plist;
				LD_RUNPATH_SEARCH_PATHS = "$(inherited) @executable_path/Frameworks";
				PRODUCT_BUNDLE_IDENTIFIER = "com.pixonsoft.DemoTvOS-customView";
				PRODUCT_NAME = "$(TARGET_NAME)";
			};
			name = Debug;
		};
		B3D873F41C24C8CF00055DE6 /* Release */ = {
			isa = XCBuildConfiguration;
			buildSettings = {
				ASSETCATALOG_COMPILER_APPICON_NAME = "App Icon & Top Shelf Image";
				ASSETCATALOG_COMPILER_LAUNCHIMAGE_NAME = LaunchImage;
				INFOPLIST_FILE = DemoTvOS_customView/Info.plist;
				LD_RUNPATH_SEARCH_PATHS = "$(inherited) @executable_path/Frameworks";
				PRODUCT_BUNDLE_IDENTIFIER = "com.pixonsoft.DemoTvOS-customView";
				PRODUCT_NAME = "$(TARGET_NAME)";
			};
			name = Release;
		};
		B3D873F61C24C8CF00055DE6 /* Debug */ = {
			isa = XCBuildConfiguration;
			buildSettings = {
				BUNDLE_LOADER = "$(TEST_HOST)";
				INFOPLIST_FILE = DemoTvOS_customViewTests/Info.plist;
				LD_RUNPATH_SEARCH_PATHS = "$(inherited) @executable_path/Frameworks @loader_path/Frameworks";
				PRODUCT_BUNDLE_IDENTIFIER = "com.pixonsoft.DemoTvOS-customViewTests";
				PRODUCT_NAME = "$(TARGET_NAME)";
				TEST_HOST = "$(BUILT_PRODUCTS_DIR)/DemoTvOS_customView.app/DemoTvOS_customView";
			};
			name = Debug;
		};
		B3D873F71C24C8CF00055DE6 /* Release */ = {
			isa = XCBuildConfiguration;
			buildSettings = {
				BUNDLE_LOADER = "$(TEST_HOST)";
				INFOPLIST_FILE = DemoTvOS_customViewTests/Info.plist;
				LD_RUNPATH_SEARCH_PATHS = "$(inherited) @executable_path/Frameworks @loader_path/Frameworks";
				PRODUCT_BUNDLE_IDENTIFIER = "com.pixonsoft.DemoTvOS-customViewTests";
				PRODUCT_NAME = "$(TARGET_NAME)";
				TEST_HOST = "$(BUILT_PRODUCTS_DIR)/DemoTvOS_customView.app/DemoTvOS_customView";
			};
			name = Release;
		};
/* End XCBuildConfiguration section */

/* Begin XCConfigurationList section */
		B3D873D31C24C8CF00055DE6 /* Build configuration list for PBXProject "DemoTvOS_customView" */ = {
			isa = XCConfigurationList;
			buildConfigurations = (
				B3D873F01C24C8CF00055DE6 /* Debug */,
				B3D873F11C24C8CF00055DE6 /* Release */,
			);
			defaultConfigurationIsVisible = 0;
			defaultConfigurationName = Release;
		};
		B3D873F21C24C8CF00055DE6 /* Build configuration list for PBXNativeTarget "DemoTvOS_customView" */ = {
			isa = XCConfigurationList;
			buildConfigurations = (
				B3D873F31C24C8CF00055DE6 /* Debug */,
				B3D873F41C24C8CF00055DE6 /* Release */,
			);
			defaultConfigurationIsVisible = 0;
			defaultConfigurationName = Release;
		};
		B3D873F51C24C8CF00055DE6 /* Build configuration list for PBXNativeTarget "DemoTvOS_customViewTests" */ = {
			isa = XCConfigurationList;
			buildConfigurations = (
				B3D873F61C24C8CF00055DE6 /* Debug */,
				B3D873F71C24C8CF00055DE6 /* Release */,
			);
			defaultConfigurationIsVisible = 0;
			defaultConfigurationName = Release;
		};
/* End XCConfigurationList section */
	};
	rootObject = B3D873D01C24C8CF00055DE6 /* Project object */;
}
